
Microsoft Visual Studio Solution File, Format Version 12.00
# Visual Studio 14
VisualStudioVersion = 14.0.25420.1
MinimumVisualStudioVersion = 10.0.40219.1
Project("{FAE04EC0-301F-11D3-BF4B-00C04F79EFBC}") = "ISoftware.Xamarin.Platforms.Model", "Model\ISoftware.Xamarin.Platforms.Model.csproj", "{4E1F0685-BF3B-4827-AEFF-C09ABA7EC22F}"
EndProject
Project("{FAE04EC0-301F-11D3-BF4B-00C04F79EFBC}") = "ISoftware.Xamarin.Platforms.ViewModel", "ViewModel\ISoftware.Xamarin.Platforms.ViewModel.csproj", "{0F521DD6-5F19-446C-BCC7-FA85D971A2F7}"
EndProject
Project("{FAE04EC0-301F-11D3-BF4B-00C04F79EFBC}") = "ISoftware.Xamarin.Platforms.View.iOS", "View.iOS\ISoftware.Xamarin.Platforms.View.iOS.csproj", "{AC646F3B-202E-4ECA-8FD3-D039353A3C93}"
EndProject
Project("{FAE04EC0-301F-11D3-BF4B-00C04F79EFBC}") = "ISoftware.Xamarin.Platforms.View.UWP", "View.UWP\ISoftware.Xamarin.Platforms.View.UWP.csproj", "{B658310F-C6AC-4733-B7E4-2A7F24D5DD04}"
EndProject
Project("{FAE04EC0-301F-11D3-BF4B-00C04F79EFBC}") = "ISoftware.Xamarin.Platforms.View.Android", "View.Android\ISoftware.Xamarin.Platforms.View.Android.csproj", "{9C74D11A-66AE-4B0C-81D5-1EB7C8B7631A}"
EndProject
Global
	GlobalSection(SolutionConfigurationPlatforms) = preSolution
		Ad-Hoc|Any CPU = Ad-Hoc|Any CPU
		Ad-Hoc|ARM = Ad-Hoc|ARM
		Ad-Hoc|iPhone = Ad-Hoc|iPhone
		Ad-Hoc|iPhoneSimulator = Ad-Hoc|iPhoneSimulator
		Ad-Hoc|x64 = Ad-Hoc|x64
		Ad-Hoc|x86 = Ad-Hoc|x86
		AppStore|Any CPU = AppStore|Any CPU
		AppStore|ARM = AppStore|ARM
		AppStore|iPhone = AppStore|iPhone
		AppStore|iPhoneSimulator = AppStore|iPhoneSimulator
		AppStore|x64 = AppStore|x64
		AppStore|x86 = AppStore|x86
		Debug|Any CPU = Debug|Any CPU
		Debug|ARM = Debug|ARM
		Debug|iPhone = Debug|iPhone
		Debug|iPhoneSimulator = Debug|iPhoneSimulator
		Debug|x64 = Debug|x64
		Debug|x86 = Debug|x86
		Release|Any CPU = Release|Any CPU
		Release|ARM = Release|ARM
		Release|iPhone = Release|iPhone
		Release|iPhoneSimulator = Release|iPhoneSimulator
		Release|x64 = Release|x64
		Release|x86 = Release|x86
	EndGlobalSection
	GlobalSection(ProjectConfigurationPlatforms) = postSolution
		{4E1F0685-BF3B-4827-AEFF-C09ABA7EC22F}.Ad-Hoc|Any CPU.ActiveCfg = Release|Any CPU
		{4E1F0685-BF3B-4827-AEFF-C09ABA7EC22F}.Ad-Hoc|Any CPU.Build.0 = Release|Any CPU
		{4E1F0685-BF3B-4827-AEFF-C09ABA7EC22F}.Ad-Hoc|ARM.ActiveCfg = Release|Any CPU
		{4E1F0685-BF3B-4827-AEFF-C09ABA7EC22F}.Ad-Hoc|ARM.Build.0 = Release|Any CPU
		{4E1F0685-BF3B-4827-AEFF-C09ABA7EC22F}.Ad-Hoc|iPhone.ActiveCfg = Release|Any CPU
		{4E1F0685-BF3B-4827-AEFF-C09ABA7EC22F}.Ad-Hoc|iPhone.Build.0 = Release|Any CPU
		{4E1F0685-BF3B-4827-AEFF-C09ABA7EC22F}.Ad-Hoc|iPhoneSimulator.ActiveCfg = Release|Any CPU
		{4E1F0685-BF3B-4827-AEFF-C09ABA7EC22F}.Ad-Hoc|iPhoneSimulator.Build.0 = Release|Any CPU
		{4E1F0685-BF3B-4827-AEFF-C09ABA7EC22F}.Ad-Hoc|x64.ActiveCfg = Release|Any CPU
		{4E1F0685-BF3B-4827-AEFF-C09ABA7EC22F}.Ad-Hoc|x64.Build.0 = Release|Any CPU
		{4E1F0685-BF3B-4827-AEFF-C09ABA7EC22F}.Ad-Hoc|x86.ActiveCfg = Release|Any CPU
		{4E1F0685-BF3B-4827-AEFF-C09ABA7EC22F}.Ad-Hoc|x86.Build.0 = Release|Any CPU
		{4E1F0685-BF3B-4827-AEFF-C09ABA7EC22F}.AppStore|Any CPU.ActiveCfg = Release|Any CPU
		{4E1F0685-BF3B-4827-AEFF-C09ABA7EC22F}.AppStore|Any CPU.Build.0 = Release|Any CPU
		{4E1F0685-BF3B-4827-AEFF-C09ABA7EC22F}.AppStore|ARM.ActiveCfg = Release|Any CPU
		{4E1F0685-BF3B-4827-AEFF-C09ABA7EC22F}.AppStore|ARM.Build.0 = Release|Any CPU
		{4E1F0685-BF3B-4827-AEFF-C09ABA7EC22F}.AppStore|iPhone.ActiveCfg = Release|Any CPU
		{4E1F0685-BF3B-4827-AEFF-C09ABA7EC22F}.AppStore|iPhone.Build.0 = Release|Any CPU
		{4E1F0685-BF3B-4827-AEFF-C09ABA7EC22F}.AppStore|iPhoneSimulator.ActiveCfg = Release|Any CPU
		{4E1F0685-BF3B-4827-AEFF-C09ABA7EC22F}.AppStore|iPhoneSimulator.Build.0 = Release|Any CPU
		{4E1F0685-BF3B-4827-AEFF-C09ABA7EC22F}.AppStore|x64.ActiveCfg = Release|Any CPU
		{4E1F0685-BF3B-4827-AEFF-C09ABA7EC22F}.AppStore|x64.Build.0 = Release|Any CPU
		{4E1F0685-BF3B-4827-AEFF-C09ABA7EC22F}.AppStore|x86.ActiveCfg = Release|Any CPU
		{4E1F0685-BF3B-4827-AEFF-C09ABA7EC22F}.AppStore|x86.Build.0 = Release|Any CPU
		{4E1F0685-BF3B-4827-AEFF-C09ABA7EC22F}.Debug|Any CPU.ActiveCfg = Debug|Any CPU
		{4E1F0685-BF3B-4827-AEFF-C09ABA7EC22F}.Debug|Any CPU.Build.0 = Debug|Any CPU
		{4E1F0685-BF3B-4827-AEFF-C09ABA7EC22F}.Debug|ARM.ActiveCfg = Debug|Any CPU
		{4E1F0685-BF3B-4827-AEFF-C09ABA7EC22F}.Debug|ARM.Build.0 = Debug|Any CPU
		{4E1F0685-BF3B-4827-AEFF-C09ABA7EC22F}.Debug|iPhone.ActiveCfg = Debug|Any CPU
		{4E1F0685-BF3B-4827-AEFF-C09ABA7EC22F}.Debug|iPhone.Build.0 = Debug|Any CPU
		{4E1F0685-BF3B-4827-AEFF-C09ABA7EC22F}.Debug|iPhoneSimulator.ActiveCfg = Debug|Any CPU
		{4E1F0685-BF3B-4827-AEFF-C09ABA7EC22F}.Debug|iPhoneSimulator.Build.0 = Debug|Any CPU
		{4E1F0685-BF3B-4827-AEFF-C09ABA7EC22F}.Debug|x64.ActiveCfg = Debug|Any CPU
		{4E1F0685-BF3B-4827-AEFF-C09ABA7EC22F}.Debug|x64.Build.0 = Debug|Any CPU
		{4E1F0685-BF3B-4827-AEFF-C09ABA7EC22F}.Debug|x86.ActiveCfg = Debug|Any CPU
		{4E1F0685-BF3B-4827-AEFF-C09ABA7EC22F}.Debug|x86.Build.0 = Debug|Any CPU
		{4E1F0685-BF3B-4827-AEFF-C09ABA7EC22F}.Release|Any CPU.ActiveCfg = Release|Any CPU
		{4E1F0685-BF3B-4827-AEFF-C09ABA7EC22F}.Release|Any CPU.Build.0 = Release|Any CPU
		{4E1F0685-BF3B-4827-AEFF-C09ABA7EC22F}.Release|ARM.ActiveCfg = Release|Any CPU
		{4E1F0685-BF3B-4827-AEFF-C09ABA7EC22F}.Release|ARM.Build.0 = Release|Any CPU
		{4E1F0685-BF3B-4827-AEFF-C09ABA7EC22F}.Release|iPhone.ActiveCfg = Release|Any CPU
		{4E1F0685-BF3B-4827-AEFF-C09ABA7EC22F}.Release|iPhone.Build.0 = Release|Any CPU
		{4E1F0685-BF3B-4827-AEFF-C09ABA7EC22F}.Release|iPhoneSimulator.ActiveCfg = Release|Any CPU
		{4E1F0685-BF3B-4827-AEFF-C09ABA7EC22F}.Release|iPhoneSimulator.Build.0 = Release|Any CPU
		{4E1F0685-BF3B-4827-AEFF-C09ABA7EC22F}.Release|x64.ActiveCfg = Release|Any CPU
		{4E1F0685-BF3B-4827-AEFF-C09ABA7EC22F}.Release|x64.Build.0 = Release|Any CPU
		{4E1F0685-BF3B-4827-AEFF-C09ABA7EC22F}.Release|x86.ActiveCfg = Release|Any CPU
		{4E1F0685-BF3B-4827-AEFF-C09ABA7EC22F}.Release|x86.Build.0 = Release|Any CPU
		{0F521DD6-5F19-446C-BCC7-FA85D971A2F7}.Ad-Hoc|Any CPU.ActiveCfg = Release|Any CPU
		{0F521DD6-5F19-446C-BCC7-FA85D971A2F7}.Ad-Hoc|Any CPU.Build.0 = Release|Any CPU
		{0F521DD6-5F19-446C-BCC7-FA85D971A2F7}.Ad-Hoc|ARM.ActiveCfg = Release|Any CPU
		{0F521DD6-5F19-446C-BCC7-FA85D971A2F7}.Ad-Hoc|ARM.Build.0 = Release|Any CPU
		{0F521DD6-5F19-446C-BCC7-FA85D971A2F7}.Ad-Hoc|iPhone.ActiveCfg = Release|Any CPU
		{0F521DD6-5F19-446C-BCC7-FA85D971A2F7}.Ad-Hoc|iPhone.Build.0 = Release|Any CPU
		{0F521DD6-5F19-446C-BCC7-FA85D971A2F7}.Ad-Hoc|iPhoneSimulator.ActiveCfg = Release|Any CPU
		{0F521DD6-5F19-446C-BCC7-FA85D971A2F7}.Ad-Hoc|iPhoneSimulator.Build.0 = Release|Any CPU
		{0F521DD6-5F19-446C-BCC7-FA85D971A2F7}.Ad-Hoc|x64.ActiveCfg = Release|Any CPU
		{0F521DD6-5F19-446C-BCC7-FA85D971A2F7}.Ad-Hoc|x64.Build.0 = Release|Any CPU
		{0F521DD6-5F19-446C-BCC7-FA85D971A2F7}.Ad-Hoc|x86.ActiveCfg = Release|Any CPU
		{0F521DD6-5F19-446C-BCC7-FA85D971A2F7}.Ad-Hoc|x86.Build.0 = Release|Any CPU
		{0F521DD6-5F19-446C-BCC7-FA85D971A2F7}.AppStore|Any CPU.ActiveCfg = Release|Any CPU
		{0F521DD6-5F19-446C-BCC7-FA85D971A2F7}.AppStore|Any CPU.Build.0 = Release|Any CPU
		{0F521DD6-5F19-446C-BCC7-FA85D971A2F7}.AppStore|ARM.ActiveCfg = Release|Any CPU
		{0F521DD6-5F19-446C-BCC7-FA85D971A2F7}.AppStore|ARM.Build.0 = Release|Any CPU
		{0F521DD6-5F19-446C-BCC7-FA85D971A2F7}.AppStore|iPhone.ActiveCfg = Release|Any CPU
		{0F521DD6-5F19-446C-BCC7-FA85D971A2F7}.AppStore|iPhone.Build.0 = Release|Any CPU
		{0F521DD6-5F19-446C-BCC7-FA85D971A2F7}.AppStore|iPhoneSimulator.ActiveCfg = Release|Any CPU
		{0F521DD6-5F19-446C-BCC7-FA85D971A2F7}.AppStore|iPhoneSimulator.Build.0 = Release|Any CPU
		{0F521DD6-5F19-446C-BCC7-FA85D971A2F7}.AppStore|x64.ActiveCfg = Release|Any CPU
		{0F521DD6-5F19-446C-BCC7-FA85D971A2F7}.AppStore|x64.Build.0 = Release|Any CPU
		{0F521DD6-5F19-446C-BCC7-FA85D971A2F7}.AppStore|x86.ActiveCfg = Release|Any CPU
		{0F521DD6-5F19-446C-BCC7-FA85D971A2F7}.AppStore|x86.Build.0 = Release|Any CPU
		{0F521DD6-5F19-446C-BCC7-FA85D971A2F7}.Debug|Any CPU.ActiveCfg = Debug|Any CPU
		{0F521DD6-5F19-446C-BCC7-FA85D971A2F7}.Debug|Any CPU.Build.0 = Debug|Any CPU
		{0F521DD6-5F19-446C-BCC7-FA85D971A2F7}.Debug|ARM.ActiveCfg = Debug|Any CPU
		{0F521DD6-5F19-446C-BCC7-FA85D971A2F7}.Debug|ARM.Build.0 = Debug|Any CPU
		{0F521DD6-5F19-446C-BCC7-FA85D971A2F7}.Debug|iPhone.ActiveCfg = Debug|Any CPU
		{0F521DD6-5F19-446C-BCC7-FA85D971A2F7}.Debug|iPhone.Build.0 = Debug|Any CPU
		{0F521DD6-5F19-446C-BCC7-FA85D971A2F7}.Debug|iPhoneSimulator.ActiveCfg = Debug|Any CPU
		{0F521DD6-5F19-446C-BCC7-FA85D971A2F7}.Debug|iPhoneSimulator.Build.0 = Debug|Any CPU
		{0F521DD6-5F19-446C-BCC7-FA85D971A2F7}.Debug|x64.ActiveCfg = Debug|Any CPU
		{0F521DD6-5F19-446C-BCC7-FA85D971A2F7}.Debug|x64.Build.0 = Debug|Any CPU
		{0F521DD6-5F19-446C-BCC7-FA85D971A2F7}.Debug|x86.ActiveCfg = Debug|Any CPU
		{0F521DD6-5F19-446C-BCC7-FA85D971A2F7}.Debug|x86.Build.0 = Debug|Any CPU
		{0F521DD6-5F19-446C-BCC7-FA85D971A2F7}.Release|Any CPU.ActiveCfg = Release|Any CPU
		{0F521DD6-5F19-446C-BCC7-FA85D971A2F7}.Release|Any CPU.Build.0 = Release|Any CPU
		{0F521DD6-5F19-446C-BCC7-FA85D971A2F7}.Release|ARM.ActiveCfg = Release|Any CPU
		{0F521DD6-5F19-446C-BCC7-FA85D971A2F7}.Release|ARM.Build.0 = Release|Any CPU
		{0F521DD6-5F19-446C-BCC7-FA85D971A2F7}.Release|iPhone.ActiveCfg = Release|Any CPU
		{0F521DD6-5F19-446C-BCC7-FA85D971A2F7}.Release|iPhone.Build.0 = Release|Any CPU
		{0F521DD6-5F19-446C-BCC7-FA85D971A2F7}.Release|iPhoneSimulator.ActiveCfg = Release|Any CPU
		{0F521DD6-5F19-446C-BCC7-FA85D971A2F7}.Release|iPhoneSimulator.Build.0 = Release|Any CPU
		{0F521DD6-5F19-446C-BCC7-FA85D971A2F7}.Release|x64.ActiveCfg = Release|Any CPU
		{0F521DD6-5F19-446C-BCC7-FA85D971A2F7}.Release|x64.Build.0 = Release|Any CPU
		{0F521DD6-5F19-446C-BCC7-FA85D971A2F7}.Release|x86.ActiveCfg = Release|Any CPU
		{0F521DD6-5F19-446C-BCC7-FA85D971A2F7}.Release|x86.Build.0 = Release|Any CPU
		{AC646F3B-202E-4ECA-8FD3-D039353A3C93}.Ad-Hoc|Any CPU.ActiveCfg = Ad-Hoc|iPhone
		{AC646F3B-202E-4ECA-8FD3-D039353A3C93}.Ad-Hoc|ARM.ActiveCfg = Ad-Hoc|iPhone
		{AC646F3B-202E-4ECA-8FD3-D039353A3C93}.Ad-Hoc|iPhone.ActiveCfg = Ad-Hoc|iPhone
		{AC646F3B-202E-4ECA-8FD3-D039353A3C93}.Ad-Hoc|iPhone.Build.0 = Ad-Hoc|iPhone
		{AC646F3B-202E-4ECA-8FD3-D039353A3C93}.Ad-Hoc|iPhoneSimulator.ActiveCfg = Ad-Hoc|iPhoneSimulator
		{AC646F3B-202E-4ECA-8FD3-D039353A3C93}.Ad-Hoc|iPhoneSimulator.Build.0 = Ad-Hoc|iPhoneSimulator
		{AC646F3B-202E-4ECA-8FD3-D039353A3C93}.Ad-Hoc|x64.ActiveCfg = Ad-Hoc|iPhone
		{AC646F3B-202E-4ECA-8FD3-D039353A3C93}.Ad-Hoc|x86.ActiveCfg = Ad-Hoc|iPhone
		{AC646F3B-202E-4ECA-8FD3-D039353A3C93}.AppStore|Any CPU.ActiveCfg = AppStore|iPhone
		{AC646F3B-202E-4ECA-8FD3-D039353A3C93}.AppStore|ARM.ActiveCfg = AppStore|iPhone
		{AC646F3B-202E-4ECA-8FD3-D039353A3C93}.AppStore|iPhone.ActiveCfg = AppStore|iPhone
		{AC646F3B-202E-4ECA-8FD3-D039353A3C93}.AppStore|iPhone.Build.0 = AppStore|iPhone
		{AC646F3B-202E-4ECA-8FD3-D039353A3C93}.AppStore|iPhoneSimulator.ActiveCfg = AppStore|iPhoneSimulator
		{AC646F3B-202E-4ECA-8FD3-D039353A3C93}.AppStore|iPhoneSimulator.Build.0 = AppStore|iPhoneSimulator
		{AC646F3B-202E-4ECA-8FD3-D039353A3C93}.AppStore|x64.ActiveCfg = AppStore|iPhone
		{AC646F3B-202E-4ECA-8FD3-D039353A3C93}.AppStore|x86.ActiveCfg = AppStore|iPhone
		{AC646F3B-202E-4ECA-8FD3-D039353A3C93}.Debug|Any CPU.ActiveCfg = Debug|iPhone
		{AC646F3B-202E-4ECA-8FD3-D039353A3C93}.Debug|ARM.ActiveCfg = Debug|iPhone
		{AC646F3B-202E-4ECA-8FD3-D039353A3C93}.Debug|iPhone.ActiveCfg = Debug|iPhoneSimulator
		{AC646F3B-202E-4ECA-8FD3-D039353A3C93}.Debug|iPhone.Build.0 = Debug|iPhoneSimulator
		{AC646F3B-202E-4ECA-8FD3-D039353A3C93}.Debug|iPhoneSimulator.ActiveCfg = Debug|iPhoneSimulator
		{AC646F3B-202E-4ECA-8FD3-D039353A3C93}.Debug|iPhoneSimulator.Build.0 = Debug|iPhoneSimulator
		{AC646F3B-202E-4ECA-8FD3-D039353A3C93}.Debug|x64.ActiveCfg = Debug|iPhone
		{AC646F3B-202E-4ECA-8FD3-D039353A3C93}.Debug|x86.ActiveCfg = Debug|iPhone
		{AC646F3B-202E-4ECA-8FD3-D039353A3C93}.Release|Any CPU.ActiveCfg = Release|iPhone
		{AC646F3B-202E-4ECA-8FD3-D039353A3C93}.Release|ARM.ActiveCfg = Release|iPhone
		{AC646F3B-202E-4ECA-8FD3-D039353A3C93}.Release|iPhone.ActiveCfg = Release|iPhone
		{AC646F3B-202E-4ECA-8FD3-D039353A3C93}.Release|iPhone.Build.0 = Release|iPhone
		{AC646F3B-202E-4ECA-8FD3-D039353A3C93}.Release|iPhoneSimulator.ActiveCfg = Release|iPhoneSimulator
		{AC646F3B-202E-4ECA-8FD3-D039353A3C93}.Release|iPhoneSimulator.Build.0 = Release|iPhoneSimulator
		{AC646F3B-202E-4ECA-8FD3-D039353A3C93}.Release|x64.ActiveCfg = Release|iPhone
		{AC646F3B-202E-4ECA-8FD3-D039353A3C93}.Release|x86.ActiveCfg = Release|iPhone
		{B658310F-C6AC-4733-B7E4-2A7F24D5DD04}.Ad-Hoc|Any CPU.ActiveCfg = Release|x64
		{B658310F-C6AC-4733-B7E4-2A7F24D5DD04}.Ad-Hoc|Any CPU.Build.0 = Release|x64
		{B658310F-C6AC-4733-B7E4-2A7F24D5DD04}.Ad-Hoc|Any CPU.Deploy.0 = Release|x64
		{B658310F-C6AC-4733-B7E4-2A7F24D5DD04}.Ad-Hoc|ARM.ActiveCfg = Release|ARM
		{B658310F-C6AC-4733-B7E4-2A7F24D5DD04}.Ad-Hoc|ARM.Build.0 = Release|ARM
		{B658310F-C6AC-4733-B7E4-2A7F24D5DD04}.Ad-Hoc|ARM.Deploy.0 = Release|ARM
		{B658310F-C6AC-4733-B7E4-2A7F24D5DD04}.Ad-Hoc|iPhone.ActiveCfg = Release|x64
		{B658310F-C6AC-4733-B7E4-2A7F24D5DD04}.Ad-Hoc|iPhone.Build.0 = Release|x64
		{B658310F-C6AC-4733-B7E4-2A7F24D5DD04}.Ad-Hoc|iPhone.Deploy.0 = Release|x64
		{B658310F-C6AC-4733-B7E4-2A7F24D5DD04}.Ad-Hoc|iPhoneSimulator.ActiveCfg = Release|x64
		{B658310F-C6AC-4733-B7E4-2A7F24D5DD04}.Ad-Hoc|iPhoneSimulator.Build.0 = Release|x64
		{B658310F-C6AC-4733-B7E4-2A7F24D5DD04}.Ad-Hoc|iPhoneSimulator.Deploy.0 = Release|x64
		{B658310F-C6AC-4733-B7E4-2A7F24D5DD04}.Ad-Hoc|x64.ActiveCfg = Release|x64
		{B658310F-C6AC-4733-B7E4-2A7F24D5DD04}.Ad-Hoc|x64.Build.0 = Release|x64
		{B658310F-C6AC-4733-B7E4-2A7F24D5DD04}.Ad-Hoc|x64.Deploy.0 = Release|x64
		{B658310F-C6AC-4733-B7E4-2A7F24D5DD04}.Ad-Hoc|x86.ActiveCfg = Release|x86
		{B658310F-C6AC-4733-B7E4-2A7F24D5DD04}.Ad-Hoc|x86.Build.0 = Release|x86
		{B658310F-C6AC-4733-B7E4-2A7F24D5DD04}.Ad-Hoc|x86.Deploy.0 = Release|x86
		{B658310F-C6AC-4733-B7E4-2A7F24D5DD04}.AppStore|Any CPU.ActiveCfg = Release|x64
		{B658310F-C6AC-4733-B7E4-2A7F24D5DD04}.AppStore|Any CPU.Build.0 = Release|x64
		{B658310F-C6AC-4733-B7E4-2A7F24D5DD04}.AppStore|Any CPU.Deploy.0 = Release|x64
		{B658310F-C6AC-4733-B7E4-2A7F24D5DD04}.AppStore|ARM.ActiveCfg = Release|ARM
		{B658310F-C6AC-4733-B7E4-2A7F24D5DD04}.AppStore|ARM.Build.0 = Release|ARM
		{B658310F-C6AC-4733-B7E4-2A7F24D5DD04}.AppStore|ARM.Deploy.0 = Release|ARM
		{B658310F-C6AC-4733-B7E4-2A7F24D5DD04}.AppStore|iPhone.ActiveCfg = Release|x64
		{B658310F-C6AC-4733-B7E4-2A7F24D5DD04}.AppStore|iPhone.Build.0 = Release|x64
		{B658310F-C6AC-4733-B7E4-2A7F24D5DD04}.AppStore|iPhone.Deploy.0 = Release|x64
		{B658310F-C6AC-4733-B7E4-2A7F24D5DD04}.AppStore|iPhoneSimulator.ActiveCfg = Release|x64
		{B658310F-C6AC-4733-B7E4-2A7F24D5DD04}.AppStore|iPhoneSimulator.Build.0 = Release|x64
		{B658310F-C6AC-4733-B7E4-2A7F24D5DD04}.AppStore|iPhoneSimulator.Deploy.0 = Release|x64
		{B658310F-C6AC-4733-B7E4-2A7F24D5DD04}.AppStore|x64.ActiveCfg = Release|x64
		{B658310F-C6AC-4733-B7E4-2A7F24D5DD04}.AppStore|x64.Build.0 = Release|x64
		{B658310F-C6AC-4733-B7E4-2A7F24D5DD04}.AppStore|x64.Deploy.0 = Release|x64
		{B658310F-C6AC-4733-B7E4-2A7F24D5DD04}.AppStore|x86.ActiveCfg = Release|x86
		{B658310F-C6AC-4733-B7E4-2A7F24D5DD04}.AppStore|x86.Build.0 = Release|x86
		{B658310F-C6AC-4733-B7E4-2A7F24D5DD04}.AppStore|x86.Deploy.0 = Release|x86
		{B658310F-C6AC-4733-B7E4-2A7F24D5DD04}.Debug|Any CPU.ActiveCfg = Debug|x86
		{B658310F-C6AC-4733-B7E4-2A7F24D5DD04}.Debug|Any CPU.Build.0 = Debug|x86
		{B658310F-C6AC-4733-B7E4-2A7F24D5DD04}.Debug|Any CPU.Deploy.0 = Debug|x86
		{B658310F-C6AC-4733-B7E4-2A7F24D5DD04}.Debug|ARM.ActiveCfg = Debug|ARM
		{B658310F-C6AC-4733-B7E4-2A7F24D5DD04}.Debug|ARM.Build.0 = Debug|ARM
		{B658310F-C6AC-4733-B7E4-2A7F24D5DD04}.Debug|ARM.Deploy.0 = Debug|ARM
		{B658310F-C6AC-4733-B7E4-2A7F24D5DD04}.Debug|iPhone.ActiveCfg = Debug|x86
		{B658310F-C6AC-4733-B7E4-2A7F24D5DD04}.Debug|iPhone.Deploy.0 = Debug|x86
		{B658310F-C6AC-4733-B7E4-2A7F24D5DD04}.Debug|iPhoneSimulator.ActiveCfg = Debug|x86
		{B658310F-C6AC-4733-B7E4-2A7F24D5DD04}.Debug|iPhoneSimulator.Deploy.0 = Debug|x86
		{B658310F-C6AC-4733-B7E4-2A7F24D5DD04}.Debug|x64.ActiveCfg = Debug|x64
		{B658310F-C6AC-4733-B7E4-2A7F24D5DD04}.Debug|x64.Build.0 = Debug|x64
		{B658310F-C6AC-4733-B7E4-2A7F24D5DD04}.Debug|x64.Deploy.0 = Debug|x64
		{B658310F-C6AC-4733-B7E4-2A7F24D5DD04}.Debug|x86.ActiveCfg = Debug|x86
		{B658310F-C6AC-4733-B7E4-2A7F24D5DD04}.Debug|x86.Build.0 = Debug|x86
		{B658310F-C6AC-4733-B7E4-2A7F24D5DD04}.Debug|x86.Deploy.0 = Debug|x86
		{B658310F-C6AC-4733-B7E4-2A7F24D5DD04}.Release|Any CPU.ActiveCfg = Release|x86
		{B658310F-C6AC-4733-B7E4-2A7F24D5DD04}.Release|ARM.ActiveCfg = Release|ARM
		{B658310F-C6AC-4733-B7E4-2A7F24D5DD04}.Release|ARM.Build.0 = Release|ARM
		{B658310F-C6AC-4733-B7E4-2A7F24D5DD04}.Release|ARM.Deploy.0 = Release|ARM
		{B658310F-C6AC-4733-B7E4-2A7F24D5DD04}.Release|iPhone.ActiveCfg = Release|x86
		{B658310F-C6AC-4733-B7E4-2A7F24D5DD04}.Release|iPhoneSimulator.ActiveCfg = Release|x86
		{B658310F-C6AC-4733-B7E4-2A7F24D5DD04}.Release|x64.ActiveCfg = Release|x64
		{B658310F-C6AC-4733-B7E4-2A7F24D5DD04}.Release|x64.Build.0 = Release|x64
		{B658310F-C6AC-4733-B7E4-2A7F24D5DD04}.Release|x64.Deploy.0 = Release|x64
		{B658310F-C6AC-4733-B7E4-2A7F24D5DD04}.Release|x86.ActiveCfg = Release|x86
		{B658310F-C6AC-4733-B7E4-2A7F24D5DD04}.Release|x86.Build.0 = Release|x86
		{B658310F-C6AC-4733-B7E4-2A7F24D5DD04}.Release|x86.Deploy.0 = Release|x86
		{9C74D11A-66AE-4B0C-81D5-1EB7C8B7631A}.Ad-Hoc|Any CPU.ActiveCfg = Release|Any CPU
		{9C74D11A-66AE-4B0C-81D5-1EB7C8B7631A}.Ad-Hoc|Any CPU.Build.0 = Release|Any CPU
		{9C74D11A-66AE-4B0C-81D5-1EB7C8B7631A}.Ad-Hoc|Any CPU.Deploy.0 = Release|Any CPU
		{9C74D11A-66AE-4B0C-81D5-1EB7C8B7631A}.Ad-Hoc|ARM.ActiveCfg = Release|Any CPU
		{9C74D11A-66AE-4B0C-81D5-1EB7C8B7631A}.Ad-Hoc|ARM.Build.0 = Release|Any CPU
		{9C74D11A-66AE-4B0C-81D5-1EB7C8B7631A}.Ad-Hoc|ARM.Deploy.0 = Release|Any CPU
		{9C74D11A-66AE-4B0C-81D5-1EB7C8B7631A}.Ad-Hoc|iPhone.ActiveCfg = Release|Any CPU
		{9C74D11A-66AE-4B0C-81D5-1EB7C8B7631A}.Ad-Hoc|iPhone.Build.0 = Release|Any CPU
		{9C74D11A-66AE-4B0C-81D5-1EB7C8B7631A}.Ad-Hoc|iPhone.Deploy.0 = Release|Any CPU
		{9C74D11A-66AE-4B0C-81D5-1EB7C8B7631A}.Ad-Hoc|iPhoneSimulator.ActiveCfg = Release|Any CPU
		{9C74D11A-66AE-4B0C-81D5-1EB7C8B7631A}.Ad-Hoc|iPhoneSimulator.Build.0 = Release|Any CPU
		{9C74D11A-66AE-4B0C-81D5-1EB7C8B7631A}.Ad-Hoc|iPhoneSimulator.Deploy.0 = Release|Any CPU
		{9C74D11A-66AE-4B0C-81D5-1EB7C8B7631A}.Ad-Hoc|x64.ActiveCfg = Release|Any CPU
		{9C74D11A-66AE-4B0C-81D5-1EB7C8B7631A}.Ad-Hoc|x64.Build.0 = Release|Any CPU
		{9C74D11A-66AE-4B0C-81D5-1EB7C8B7631A}.Ad-Hoc|x64.Deploy.0 = Release|Any CPU
		{9C74D11A-66AE-4B0C-81D5-1EB7C8B7631A}.Ad-Hoc|x86.ActiveCfg = Release|Any CPU
		{9C74D11A-66AE-4B0C-81D5-1EB7C8B7631A}.Ad-Hoc|x86.Build.0 = Release|Any CPU
		{9C74D11A-66AE-4B0C-81D5-1EB7C8B7631A}.Ad-Hoc|x86.Deploy.0 = Release|Any CPU
		{9C74D11A-66AE-4B0C-81D5-1EB7C8B7631A}.AppStore|Any CPU.ActiveCfg = Release|Any CPU
		{9C74D11A-66AE-4B0C-81D5-1EB7C8B7631A}.AppStore|Any CPU.Build.0 = Release|Any CPU
		{9C74D11A-66AE-4B0C-81D5-1EB7C8B7631A}.AppStore|Any CPU.Deploy.0 = Release|Any CPU
		{9C74D11A-66AE-4B0C-81D5-1EB7C8B7631A}.AppStore|ARM.ActiveCfg = Release|Any CPU
		{9C74D11A-66AE-4B0C-81D5-1EB7C8B7631A}.AppStore|ARM.Build.0 = Release|Any CPU
		{9C74D11A-66AE-4B0C-81D5-1EB7C8B7631A}.AppStore|ARM.Deploy.0 = Release|Any CPU
		{9C74D11A-66AE-4B0C-81D5-1EB7C8B7631A}.AppStore|iPhone.ActiveCfg = Release|Any CPU
		{9C74D11A-66AE-4B0C-81D5-1EB7C8B7631A}.AppStore|iPhone.Build.0 = Release|Any CPU
		{9C74D11A-66AE-4B0C-81D5-1EB7C8B7631A}.AppStore|iPhone.Deploy.0 = Release|Any CPU
		{9C74D11A-66AE-4B0C-81D5-1EB7C8B7631A}.AppStore|iPhoneSimulator.ActiveCfg = Release|Any CPU
		{9C74D11A-66AE-4B0C-81D5-1EB7C8B7631A}.AppStore|iPhoneSimulator.Build.0 = Release|Any CPU
		{9C74D11A-66AE-4B0C-81D5-1EB7C8B7631A}.AppStore|iPhoneSimulator.Deploy.0 = Release|Any CPU
		{9C74D11A-66AE-4B0C-81D5-1EB7C8B7631A}.AppStore|x64.ActiveCfg = Release|Any CPU
		{9C74D11A-66AE-4B0C-81D5-1EB7C8B7631A}.AppStore|x64.Build.0 = Release|Any CPU
		{9C74D11A-66AE-4B0C-81D5-1EB7C8B7631A}.AppStore|x64.Deploy.0 = Release|Any CPU
		{9C74D11A-66AE-4B0C-81D5-1EB7C8B7631A}.AppStore|x86.ActiveCfg = Release|Any CPU
		{9C74D11A-66AE-4B0C-81D5-1EB7C8B7631A}.AppStore|x86.Build.0 = Release|Any CPU
		{9C74D11A-66AE-4B0C-81D5-1EB7C8B7631A}.AppStore|x86.Deploy.0 = Release|Any CPU
		{9C74D11A-66AE-4B0C-81D5-1EB7C8B7631A}.Debug|Any CPU.ActiveCfg = Debug|Any CPU
		{9C74D11A-66AE-4B0C-81D5-1EB7C8B7631A}.Debug|Any CPU.Build.0 = Debug|Any CPU
		{9C74D11A-66AE-4B0C-81D5-1EB7C8B7631A}.Debug|Any CPU.Deploy.0 = Debug|Any CPU
		{9C74D11A-66AE-4B0C-81D5-1EB7C8B7631A}.Debug|ARM.ActiveCfg = Debug|Any CPU
		{9C74D11A-66AE-4B0C-81D5-1EB7C8B7631A}.Debug|ARM.Build.0 = Debug|Any CPU
		{9C74D11A-66AE-4B0C-81D5-1EB7C8B7631A}.Debug|ARM.Deploy.0 = Debug|Any CPU
		{9C74D11A-66AE-4B0C-81D5-1EB7C8B7631A}.Debug|iPhone.ActiveCfg = Debug|Any CPU
		{9C74D11A-66AE-4B0C-81D5-1EB7C8B7631A}.Debug|iPhone.Build.0 = Debug|Any CPU
		{9C74D11A-66AE-4B0C-81D5-1EB7C8B7631A}.Debug|iPhone.Deploy.0 = Debug|Any CPU
		{9C74D11A-66AE-4B0C-81D5-1EB7C8B7631A}.Debug|iPhoneSimulator.ActiveCfg = Debug|Any CPU
		{9C74D11A-66AE-4B0C-81D5-1EB7C8B7631A}.Debug|iPhoneSimulator.Build.0 = Debug|Any CPU
		{9C74D11A-66AE-4B0C-81D5-1EB7C8B7631A}.Debug|iPhoneSimulator.Deploy.0 = Debug|Any CPU
		{9C74D11A-66AE-4B0C-81D5-1EB7C8B7631A}.Debug|x64.ActiveCfg = Debug|Any CPU
		{9C74D11A-66AE-4B0C-81D5-1EB7C8B7631A}.Debug|x64.Build.0 = Debug|Any CPU
		{9C74D11A-66AE-4B0C-81D5-1EB7C8B7631A}.Debug|x64.Deploy.0 = Debug|Any CPU
		{9C74D11A-66AE-4B0C-81D5-1EB7C8B7631A}.Debug|x86.ActiveCfg = Debug|Any CPU
		{9C74D11A-66AE-4B0C-81D5-1EB7C8B7631A}.Debug|x86.Build.0 = Debug|Any CPU
		{9C74D11A-66AE-4B0C-81D5-1EB7C8B7631A}.Debug|x86.Deploy.0 = Debug|Any CPU
		{9C74D11A-66AE-4B0C-81D5-1EB7C8B7631A}.Release|Any CPU.ActiveCfg = Release|Any CPU
		{9C74D11A-66AE-4B0C-81D5-1EB7C8B7631A}.Release|Any CPU.Build.0 = Release|Any CPU
		{9C74D11A-66AE-4B0C-81D5-1EB7C8B7631A}.Release|Any CPU.Deploy.0 = Release|Any CPU
		{9C74D11A-66AE-4B0C-81D5-1EB7C8B7631A}.Release|ARM.ActiveCfg = Release|Any CPU
		{9C74D11A-66AE-4B0C-81D5-1EB7C8B7631A}.Release|ARM.Build.0 = Release|Any CPU
		{9C74D11A-66AE-4B0C-81D5-1EB7C8B7631A}.Release|ARM.Deploy.0 = Release|Any CPU
		{9C74D11A-66AE-4B0C-81D5-1EB7C8B7631A}.Release|iPhone.ActiveCfg = Release|Any CPU
		{9C74D11A-66AE-4B0C-81D5-1EB7C8B7631A}.Release|iPhone.Build.0 = Release|Any CPU
		{9C74D11A-66AE-4B0C-81D5-1EB7C8B7631A}.Release|iPhone.Deploy.0 = Release|Any CPU
		{9C74D11A-66AE-4B0C-81D5-1EB7C8B7631A}.Release|iPhoneSimulator.ActiveCfg = Release|Any CPU
		{9C74D11A-66AE-4B0C-81D5-1EB7C8B7631A}.Release|iPhoneSimulator.Build.0 = Release|Any CPU
		{9C74D11A-66AE-4B0C-81D5-1EB7C8B7631A}.Release|iPhoneSimulator.Deploy.0 = Release|Any CPU
		{9C74D11A-66AE-4B0C-81D5-1EB7C8B7631A}.Release|x64.ActiveCfg = Release|Any CPU
		{9C74D11A-66AE-4B0C-81D5-1EB7C8B7631A}.Release|x64.Build.0 = Release|Any CPU
		{9C74D11A-66AE-4B0C-81D5-1EB7C8B7631A}.Release|x64.Deploy.0 = Release|Any CPU
		{9C74D11A-66AE-4B0C-81D5-1EB7C8B7631A}.Release|x86.ActiveCfg = Release|Any CPU
		{9C74D11A-66AE-4B0C-81D5-1EB7C8B7631A}.Release|x86.Build.0 = Release|Any CPU
		{9C74D11A-66AE-4B0C-81D5-1EB7C8B7631A}.Release|x86.Deploy.0 = Release|Any CPU
	EndGlobalSection
	GlobalSection(SolutionProperties) = preSolution
		HideSolutionNode = FALSE
	EndGlobalSection
EndGlobal
